
Microsoft Visual Studio Solution File, Format Version 12.00
# Visual Studio Version 17
VisualStudioVersion = 17.9.34728.123
MinimumVisualStudioVersion = 10.0.40219.1
Project("{FAE04EC0-301F-11D3-BF4B-00C04F79EFBC}") = "GetObjDB", "GetObjDB\GetObjDB.csproj", "{BB929402-D8D0-4C42-AC11-DAD2D2DC9A09}"
EndProject
Global
	GlobalSection(SolutionConfigurationPlatforms) = preSolution
		Debug|Any CPU = Debug|Any CPU
		Release|Any CPU = Release|Any CPU
	EndGlobalSection
	GlobalSection(ProjectConfigurationPlatforms) = postSolution
		{BB929402-D8D0-4C42-AC11-DAD2D2DC9A09}.Debug|Any CPU.ActiveCfg = Debug|Any CPU
		{BB929402-D8D0-4C42-AC11-DAD2D2DC9A09}.Debug|Any CPU.Build.0 = Debug|Any CPU
		{BB929402-D8D0-4C42-AC11-DAD2D2DC9A09}.Release|Any CPU.ActiveCfg = Release|Any CPU
		{BB929402-D8D0-4C42-AC11-DAD2D2DC9A09}.Release|Any CPU.Build.0 = Release|Any CPU
	EndGlobalSection
	GlobalSection(SolutionProperties) = preSolution
		HideSolutionNode = FALSE
	EndGlobalSection
	GlobalSection(ExtensibilityGlobals) = postSolution
		SolutionGuid = {02224B10-88CA-4F4F-8958-A53F18E44288}
	EndGlobalSection
EndGlobal
